
Microsoft Visual Studio Solution File, Format Version 12.00
# Visual Studio Version 16
VisualStudioVersion = 16.0.31129.286
MinimumVisualStudioVersion = 10.0.40219.1
Project("{FAE04EC0-301F-11D3-BF4B-00C04F79EFBC}") = "BookStore", "BookStore\BookStore.csproj", "{1F81BAFA-8E95-4583-A9DB-579FF9A8FA22}"
EndProject
Global
	GlobalSection(SolutionConfigurationPlatforms) = preSolution
		Debug|Any CPU = Debug|Any CPU
		Release|Any CPU = Release|Any CPU
	EndGlobalSection
	GlobalSection(ProjectConfigurationPlatforms) = postSolution
		{1F81BAFA-8E95-4583-A9DB-579FF9A8FA22}.Debug|Any CPU.ActiveCfg = Debug|Any CPU
		{1F81BAFA-8E95-4583-A9DB-579FF9A8FA22}.Debug|Any CPU.Build.0 = Debug|Any CPU
		{1F81BAFA-8E95-4583-A9DB-579FF9A8FA22}.Release|Any CPU.ActiveCfg = Release|Any CPU
		{1F81BAFA-8E95-4583-A9DB-579FF9A8FA22}.Release|Any CPU.Build.0 = Release|Any CPU
	EndGlobalSection
	GlobalSection(SolutionProperties) = preSolution
		HideSolutionNode = FALSE
	EndGlobalSection
	GlobalSection(ExtensibilityGlobals) = postSolution
		SolutionGuid = {348136FE-5CD3-449F-A459-470E57042897}
	EndGlobalSection
EndGlobal
